// !$*UTF8*$!
{
	archiveVersion = 1;
	classes = {
	};
	objectVersion = 50;
	objects = {

/* Begin PBXBuildFile section */
		A5ADB87F2719AED80003CA4C /* ResultViewController.swift in Sources */ = {isa = PBXBuildFile; fileRef = A5ADB87E2719AED80003CA4C /* ResultViewController.swift */; };
		A5D4CDB027144AB0004ABB31 /* AppDelegate.swift in Sources */ = {isa = PBXBuildFile; fileRef = A5D4CDAF27144AB0004ABB31 /* AppDelegate.swift */; };
		A5D4CDB227144AB0004ABB31 /* SceneDelegate.swift in Sources */ = {isa = PBXBuildFile; fileRef = A5D4CDB127144AB0004ABB31 /* SceneDelegate.swift */; };
		A5D4CDB427144AB0004ABB31 /* QuizViewController.swift in Sources */ = {isa = PBXBuildFile; fileRef = A5D4CDB327144AB0004ABB31 /* QuizViewController.swift */; };
		A5D4CDB727144AB0004ABB31 /* Main.storyboard in Resources */ = {isa = PBXBuildFile; fileRef = A5D4CDB527144AB0004ABB31 /* Main.storyboard */; };
		A5D4CDB927144AB2004ABB31 /* Assets.xcassets in Resources */ = {isa = PBXBuildFile; fileRef = A5D4CDB827144AB2004ABB31 /* Assets.xcassets */; };
		A5D4CDBC27144AB2004ABB31 /* LaunchScreen.storyboard in Resources */ = {isa = PBXBuildFile; fileRef = A5D4CDBA27144AB2004ABB31 /* LaunchScreen.storyboard */; };
		A5D4CDC727144B8B004ABB31 /* Question.swift in Sources */ = {isa = PBXBuildFile; fileRef = A5D4CDC627144B8B004ABB31 /* Question.swift */; };
		A5D4CDC927144BA1004ABB31 /* QuizBrain.swift in Sources */ = {isa = PBXBuildFile; fileRef = A5D4CDC827144BA1004ABB31 /* QuizBrain.swift */; };
/* End PBXBuildFile section */

/* Begin PBXFileReference section */
		A5ADB87E2719AED80003CA4C /* ResultViewController.swift */ = {isa = PBXFileReference; lastKnownFileType = sourcecode.swift; path = ResultViewController.swift; sourceTree = "<group>"; };
		A5D4CDAC27144AB0004ABB31 /* SwiftQuiz.app */ = {isa = PBXFileReference; explicitFileType = wrapper.application; includeInIndex = 0; path = SwiftQuiz.app; sourceTree = BUILT_PRODUCTS_DIR; };
		A5D4CDAF27144AB0004ABB31 /* AppDelegate.swift */ = {isa = PBXFileReference; lastKnownFileType = sourcecode.swift; path = AppDelegate.swift; sourceTree = "<group>"; };
		A5D4CDB127144AB0004ABB31 /* SceneDelegate.swift */ = {isa = PBXFileReference; lastKnownFileType = sourcecode.swift; path = SceneDelegate.swift; sourceTree = "<group>"; };
		A5D4CDB327144AB0004ABB31 /* QuizViewController.swift */ = {isa = PBXFileReference; lastKnownFileType = sourcecode.swift; path = QuizViewController.swift; sourceTree = "<group>"; };
		A5D4CDB627144AB0004ABB31 /* Base */ = {isa = PBXFileReference; lastKnownFileType = file.storyboard; name = Base; path = Base.lproj/Main.storyboard; sourceTree = "<group>"; };
		A5D4CDB827144AB2004ABB31 /* Assets.xcassets */ = {isa = PBXFileReference; lastKnownFileType = folder.assetcatalog; path = Assets.xcassets; sourceTree = "<group>"; };
		A5D4CDBB27144AB2004ABB31 /* Base */ = {isa = PBXFileReference; lastKnownFileType = file.storyboard; name = Base; path = Base.lproj/LaunchScreen.storyboard; sourceTree = "<group>"; };
		A5D4CDBD27144AB2004ABB31 /* Info.plist */ = {isa = PBXFileReference; lastKnownFileType = text.plist.xml; path = Info.plist; sourceTree = "<group>"; };
		A5D4CDC627144B8B004ABB31 /* Question.swift */ = {isa = PBXFileReference; lastKnownFileType = sourcecode.swift; path = Question.swift; sourceTree = "<group>"; };
		A5D4CDC827144BA1004ABB31 /* QuizBrain.swift */ = {isa = PBXFileReference; lastKnownFileType = sourcecode.swift; path = QuizBrain.swift; sourceTree = "<group>"; };
/* End PBXFileReference section */

/* Begin PBXFrameworksBuildPhase section */
		A5D4CDA927144AB0004ABB31 /* Frameworks */ = {
			isa = PBXFrameworksBuildPhase;
			buildActionMask = 2147483647;
			files = (
			);
			runOnlyForDeploymentPostprocessing = 0;
		};
/* End PBXFrameworksBuildPhase section */

/* Begin PBXGroup section */
		A5D4CDA327144AB0004ABB31 = {
			isa = PBXGroup;
			children = (
				A5D4CDAE27144AB0004ABB31 /* SwiftQuiz */,
				A5D4CDAD27144AB0004ABB31 /* Products */,
			);
			sourceTree = "<group>";
		};
		A5D4CDAD27144AB0004ABB31 /* Products */ = {
			isa = PBXGroup;
			children = (
				A5D4CDAC27144AB0004ABB31 /* SwiftQuiz.app */,
			);
			name = Products;
			sourceTree = "<group>";
		};
		A5D4CDAE27144AB0004ABB31 /* SwiftQuiz */ = {
			isa = PBXGroup;
			children = (
				A5D4CDC527144B16004ABB31 /* Model */,
				A5D4CDC427144B08004ABB31 /* View */,
				A5D4CDC327144AF6004ABB31 /* Controller */,
				A5D4CDAF27144AB0004ABB31 /* AppDelegate.swift */,
				A5D4CDB127144AB0004ABB31 /* SceneDelegate.swift */,
				A5D4CDB827144AB2004ABB31 /* Assets.xcassets */,
				A5D4CDBD27144AB2004ABB31 /* Info.plist */,
			);
			path = SwiftQuiz;
			sourceTree = "<group>";
		};
		A5D4CDC327144AF6004ABB31 /* Controller */ = {
			isa = PBXGroup;
			children = (
				A5D4CDB327144AB0004ABB31 /* QuizViewController.swift */,
				A5ADB87E2719AED80003CA4C /* ResultViewController.swift */,
			);
			path = Controller;
			sourceTree = "<group>";
		};
		A5D4CDC427144B08004ABB31 /* View */ = {
			isa = PBXGroup;
			children = (
				A5D4CDB527144AB0004ABB31 /* Main.storyboard */,
				A5D4CDBA27144AB2004ABB31 /* LaunchScreen.storyboard */,
			);
			path = View;
			sourceTree = "<group>";
		};
		A5D4CDC527144B16004ABB31 /* Model */ = {
			isa = PBXGroup;
			children = (
				A5D4CDC627144B8B004ABB31 /* Question.swift */,
				A5D4CDC827144BA1004ABB31 /* QuizBrain.swift */,
			);
			path = Model;
			sourceTree = "<group>";
		};
/* End PBXGroup section */

/* Begin PBXNativeTarget section */
		A5D4CDAB27144AB0004ABB31 /* SwiftQuiz */ = {
			isa = PBXNativeTarget;
			buildConfigurationList = A5D4CDC027144AB2004ABB31 /* Build configuration list for PBXNativeTarget "SwiftQuiz" */;
			buildPhases = (
				A5D4CDA827144AB0004ABB31 /* Sources */,
				A5D4CDA927144AB0004ABB31 /* Frameworks */,
				A5D4CDAA27144AB0004ABB31 /* Resources */,
			);
			buildRules = (
			);
			dependencies = (
			);
			name = SwiftQuiz;
			productName = SwiftQuiz;
			productReference = A5D4CDAC27144AB0004ABB31 /* SwiftQuiz.app */;
			productType = "com.apple.product-type.application";
		};
/* End PBXNativeTarget section */

/* Begin PBXProject section */
		A5D4CDA427144AB0004ABB31 /* Project object */ = {
			isa = PBXProject;
			attributes = {
				LastSwiftUpdateCheck = 1250;
				LastUpgradeCheck = 1250;
				TargetAttributes = {
					A5D4CDAB27144AB0004ABB31 = {
						CreatedOnToolsVersion = 12.5.1;
					};
				};
			};
			buildConfigurationList = A5D4CDA727144AB0004ABB31 /* Build configuration list for PBXProject "SwiftQuiz" */;
			compatibilityVersion = "Xcode 9.3";
			developmentRegion = en;
			hasScannedForEncodings = 0;
			knownRegions = (
				en,
				Base,
			);
			mainGroup = A5D4CDA327144AB0004ABB31;
			productRefGroup = A5D4CDAD27144AB0004ABB31 /* Products */;
			projectDirPath = "";
			projectRoot = "";
			targets = (
				A5D4CDAB27144AB0004ABB31 /* SwiftQuiz */,
			);
		};
/* End PBXProject section */

/* Begin PBXResourcesBuildPhase section */
		A5D4CDAA27144AB0004ABB31 /* Resources */ = {
			isa = PBXResourcesBuildPhase;
			buildActionMask = 2147483647;
			files = (
				A5D4CDBC27144AB2004ABB31 /* LaunchScreen.storyboard in Resources */,
				A5D4CDB927144AB2004ABB31 /* Assets.xcassets in Resources */,
				A5D4CDB727144AB0004ABB31 /* Main.storyboard in Resources */,
			);
			runOnlyForDeploymentPostprocessing = 0;
		};
/* End PBXResourcesBuildPhase section */

/* Begin PBXSourcesBuildPhase section */
		A5D4CDA827144AB0004ABB31 /* Sources */ = {
			isa = PBXSourcesBuildPhase;
			buildActionMask = 2147483647;
			files = (
				A5D4CDC927144BA1004ABB31 /* QuizBrain.swift in Sources */,
				A5D4CDB427144AB0004ABB31 /* QuizViewController.swift in Sources */,
				A5D4CDC727144B8B004ABB31 /* Question.swift in Sources */,
				A5D4CDB027144AB0004ABB31 /* AppDelegate.swift in Sources */,
				A5D4CDB227144AB0004ABB31 /* SceneDelegate.swift in Sources */,
				A5ADB87F2719AED80003CA4C /* ResultViewController.swift in Sources */,
			);
			runOnlyForDeploymentPostprocessing = 0;
		};
/* End PBXSourcesBuildPhase section */

/* Begin PBXVariantGroup section */
		A5D4CDB527144AB0004ABB31 /* Main.storyboard */ = {
			isa = PBXVariantGroup;
			children = (
				A5D4CDB627144AB0004ABB31 /* Base */,
			);
			name = Main.storyboard;
			sourceTree = "<group>";
		};
		A5D4CDBA27144AB2004ABB31 /* LaunchScreen.storyboard */ = {
			isa = PBXVariantGroup;
			children = (
				A5D4CDBB27144AB2004ABB31 /* Base */,
			);
			name = LaunchScreen.storyboard;
			sourceTree = "<group>";
		};
/* End PBXVariantGroup section */

/* Begin XCBuildConfiguration section */
		A5D4CDBE27144AB2004ABB31 /* Debug */ = {
			isa = XCBuildConfiguration;
			buildSettings = {
				ALWAYS_SEARCH_USER_PATHS = NO;
				CLANG_ANALYZER_NONNULL = YES;
				CLANG_ANALYZER_NUMBER_OBJECT_CONVERSION = YES_AGGRESSIVE;
				CLANG_CXX_LANGUAGE_STANDARD = "gnu++14";
				CLANG_CXX_LIBRARY = "libc++";
				CLANG_ENABLE_MODULES = YES;
				CLANG_ENABLE_OBJC_ARC = YES;
				CLANG_ENABLE_OBJC_WEAK = YES;
				CLANG_WARN_BLOCK_CAPTURE_AUTORELEASING = YES;
				CLANG_WARN_BOOL_CONVERSION = YES;
				CLANG_WARN_COMMA = YES;
				CLANG_WARN_CONSTANT_CONVERSION = YES;
				CLANG_WARN_DEPRECATED_OBJC_IMPLEMENTATIONS = YES;
				CLANG_WARN_DIRECT_OBJC_ISA_USAGE = YES_ERROR;
				CLANG_WARN_DOCUMENTATION_COMMENTS = YES;
				CLANG_WARN_EMPTY_BODY = YES;
				CLANG_WARN_ENUM_CONVERSION = YES;
				CLANG_WARN_INFINITE_RECURSION = YES;
				CLANG_WARN_INT_CONVERSION = YES;
				CLANG_WARN_NON_LITERAL_NULL_CONVERSION = YES;
				CLANG_WARN_OBJC_IMPLICIT_RETAIN_SELF = YES;
				CLANG_WARN_OBJC_LITERAL_CONVERSION = YES;
				CLANG_WARN_OBJC_ROOT_CLASS = YES_ERROR;
				CLANG_WARN_QUOTED_INCLUDE_IN_FRAMEWORK_HEADER = YES;
				CLANG_WARN_RANGE_LOOP_ANALYSIS = YES;
				CLANG_WARN_STRICT_PROTOTYPES = YES;
				CLANG_WARN_SUSPICIOUS_MOVE = YES;
				CLANG_WARN_UNGUARDED_AVAILABILITY = YES_AGGRESSIVE;
				CLANG_WARN_UNREACHABLE_CODE = YES;
				CLANG_WARN__DUPLICATE_METHOD_MATCH = YES;
				COPY_PHASE_STRIP = NO;
				DEBUG_INFORMATION_FORMAT = dwarf;
				ENABLE_STRICT_OBJC_MSGSEND = YES;
				ENABLE_TESTABILITY = YES;
				GCC_C_LANGUAGE_STANDARD = gnu11;
				GCC_DYNAMIC_NO_PIC = NO;
				GCC_NO_COMMON_BLOCKS = YES;
				GCC_OPTIMIZATION_LEVEL = 0;
				GCC_PREPROCESSOR_DEFINITIONS = (
					"DEBUG=1",
					"$(inherited)",
				);
				GCC_WARN_64_TO_32_BIT_CONVERSION = YES;
				GCC_WARN_ABOUT_RETURN_TYPE = YES_ERROR;
				GCC_WARN_UNDECLARED_SELECTOR = YES;
				GCC_WARN_UNINITIALIZED_AUTOS = YES_AGGRESSIVE;
				GCC_WARN_UNUSED_FUNCTION = YES;
				GCC_WARN_UNUSED_VARIABLE = YES;
				IPHONEOS_DEPLOYMENT_TARGET = 14.5;
				MTL_ENABLE_DEBUG_INFO = INCLUDE_SOURCE;
				MTL_FAST_MATH = YES;
				ONLY_ACTIVE_ARCH = YES;
				SDKROOT = iphoneos;
				SWIFT_ACTIVE_COMPILATION_CONDITIONS = DEBUG;
				SWIFT_OPTIMIZATION_LEVEL = "-Onone";
			};
			name = Debug;
		};
		A5D4CDBF27144AB2004ABB31 /* Release */ = {
			isa = XCBuildConfiguration;
			buildSettings = {
				ALWAYS_SEARCH_USER_PATHS = NO;
				CLANG_ANALYZER_NONNULL = YES;
				CLANG_ANALYZER_NUMBER_OBJECT_CONVERSION = YES_AGGRESSIVE;
				CLANG_CXX_LANGUAGE_STANDARD = "gnu++14";
				CLANG_CXX_LIBRARY = "libc++";
				CLANG_ENABLE_MODULES = YES;
				CLANG_ENABLE_OBJC_ARC = YES;
				CLANG_ENABLE_OBJC_WEAK = YES;
				CLANG_WARN_BLOCK_CAPTURE_AUTORELEASING = YES;
				CLANG_WARN_BOOL_CONVERSION = YES;
				CLANG_WARN_COMMA = YES;
				CLANG_WARN_CONSTANT_CONVERSION = YES;
				CLANG_WARN_DEPRECATED_OBJC_IMPLEMENTATIONS = YES;
				CLANG_WARN_DIRECT_OBJC_ISA_USAGE = YES_ERROR;
				CLANG_WARN_DOCUMENTATION_COMMENTS = YES;
				CLANG_WARN_EMPTY_BODY = YES;
				CLANG_WARN_ENUM_CONVERSION = YES;
				CLANG_WARN_INFINITE_RECURSION = YES;
				CLANG_WARN_INT_CONVERSION = YES;
				CLANG_WARN_NON_LITERAL_NULL_CONVERSION = YES;
				CLANG_WARN_OBJC_IMPLICIT_RETAIN_SELF = YES;
				CLANG_WARN_OBJC_LITERAL_CONVERSION = YES;
				CLANG_WARN_OBJC_ROOT_CLASS = YES_ERROR;
				CLANG_WARN_QUOTED_INCLUDE_IN_FRAMEWORK_HEADER = YES;
				CLANG_WARN_RANGE_LOOP_ANALYSIS = YES;
				CLANG_WARN_STRICT_PROTOTYPES = YES;
				CLANG_WARN_SUSPICIOUS_MOVE = YES;
				CLANG_WARN_UNGUARDED_AVAILABILITY = YES_AGGRESSIVE;
				CLANG_WARN_UNREACHABLE_CODE = YES;
				CLANG_WARN__DUPLICATE_METHOD_MATCH = YES;
				COPY_PHASE_STRIP = NO;
				DEBUG_INFORMATION_FORMAT = "dwarf-with-dsym";
				ENABLE_NS_ASSERTIONS = NO;
				ENABLE_STRICT_OBJC_MSGSEND = YES;
				GCC_C_LANGUAGE_STANDARD = gnu11;
				GCC_NO_COMMON_BLOCKS = YES;
				GCC_WARN_64_TO_32_BIT_CONVERSION = YES;
				GCC_WARN_ABOUT_RETURN_TYPE = YES_ERROR;
				GCC_WARN_UNDECLARED_SELECTOR = YES;
				GCC_WARN_UNINITIALIZED_AUTOS = YES_AGGRESSIVE;
				GCC_WARN_UNUSED_FUNCTION = YES;
				GCC_WARN_UNUSED_VARIABLE = YES;
				IPHONEOS_DEPLOYMENT_TARGET = 14.5;
				MTL_ENABLE_DEBUG_INFO = NO;
				MTL_FAST_MATH = YES;
				SDKROOT = iphoneos;
				SWIFT_COMPILATION_MODE = wholemodule;
				SWIFT_OPTIMIZATION_LEVEL = "-O";
				VALIDATE_PRODUCT = YES;
			};
			name = Release;
		};
		A5D4CDC127144AB2004ABB31 /* Debug */ = {
			isa = XCBuildConfiguration;
			buildSettings = {
				ASSETCATALOG_COMPILER_APPICON_NAME = AppIcon;
				ASSETCATALOG_COMPILER_GLOBAL_ACCENT_COLOR_NAME = AccentColor;
				CODE_SIGN_STYLE = Automatic;
				INFOPLIST_FILE = SwiftQuiz/Info.plist;
				LD_RUNPATH_SEARCH_PATHS = (
					"$(inherited)",
					"@executable_path/Frameworks",
				);
				PRODUCT_BUNDLE_IDENTIFIER = com.appexist.SwiftQuiz;
				PRODUCT_NAME = "$(TARGET_NAME)";
				SWIFT_VERSION = 5.0;
				TARGETED_DEVICE_FAMILY = "1,2";
			};
			name = Debug;
		};
		A5D4CDC227144AB2004ABB31 /* Release */ = {
			isa = XCBuildConfiguration;
			buildSettings = {
				ASSETCATALOG_COMPILER_APPICON_NAME = AppIcon;
				ASSETCATALOG_COMPILER_GLOBAL_ACCENT_COLOR_NAME = AccentColor;
				CODE_SIGN_STYLE = Automatic;
				INFOPLIST_FILE = SwiftQuiz/Info.plist;
				LD_RUNPATH_SEARCH_PATHS = (
					"$(inherited)",
					"@executable_path/Frameworks",
				);
				PRODUCT_BUNDLE_IDENTIFIER = com.appexist.SwiftQuiz;
				PRODUCT_NAME = "$(TARGET_NAME)";
				SWIFT_VERSION = 5.0;
				TARGETED_DEVICE_FAMILY = "1,2";
			};
			name = Release;
		};
/* End XCBuildConfiguration section */

/* Begin XCConfigurationList section */
		A5D4CDA727144AB0004ABB31 /* Build configuration list for PBXProject "SwiftQuiz" */ = {
			isa = XCConfigurationList;
			buildConfigurations = (
				A5D4CDBE27144AB2004ABB31 /* Debug */,
				A5D4CDBF27144AB2004ABB31 /* Release */,
			);
			defaultConfigurationIsVisible = 0;
			defaultConfigurationName = Release;
		};
		A5D4CDC027144AB2004ABB31 /* Build configuration list for PBXNativeTarget "SwiftQuiz" */ = {
			isa = XCConfigurationList;
			buildConfigurations = (
				A5D4CDC127144AB2004ABB31 /* Debug */,
				A5D4CDC227144AB2004ABB31 /* Release */,
			);
			defaultConfigurationIsVisible = 0;
			defaultConfigurationName = Release;
		};
/* End XCConfigurationList section */
	};
	rootObject = A5D4CDA427144AB0004ABB31 /* Project object */;
}
